
Microsoft Visual Studio Solution File, Format Version 12.00
# Visual Studio Version 16
VisualStudioVersion = 16.0.30804.86
MinimumVisualStudioVersion = 10.0.40219.1
Project("{FAE04EC0-301F-11D3-BF4B-00C04F79EFBC}") = "CodeSnipet1", "CodeSnipet1\CodeSnipet1.csproj", "{0764970B-A68D-494F-B5DA-192E1A3DECA1}"
EndProject
Project("{FAE04EC0-301F-11D3-BF4B-00C04F79EFBC}") = "CodeSnipet2", "CodeSnipet2\CodeSnipet2.csproj", "{CB016D4E-D886-4179-895D-4029AB4551AA}"
EndProject
Project("{FAE04EC0-301F-11D3-BF4B-00C04F79EFBC}") = "CodeSnipet3", "CodeSnipet3\CodeSnipet3.csproj", "{0E763BD1-2530-4637-8414-A36763D68279}"
EndProject
Project("{FAE04EC0-301F-11D3-BF4B-00C04F79EFBC}") = "CodeSnipet4", "CodeSnipet4\CodeSnipet4.csproj", "{7CB8FAF5-1205-4EF2-B509-DD44D3A28D61}"
EndProject
Project("{FAE04EC0-301F-11D3-BF4B-00C04F79EFBC}") = "CodeSnipet5", "CodeSnipet5\CodeSnipet5.csproj", "{E6AF970E-BBCC-498D-8B85-4E6C7336E0A9}"
EndProject
Project("{FAE04EC0-301F-11D3-BF4B-00C04F79EFBC}") = "CodeSnipet6", "CodeSnipet6\CodeSnipet6.csproj", "{1586D28F-495E-4EE8-921C-40AE937D3D46}"
EndProject
Project("{FAE04EC0-301F-11D3-BF4B-00C04F79EFBC}") = "CodeSnipet7", "CodeSnipet7\CodeSnipet7.csproj", "{D78217FD-7467-47F4-BB1F-4C17111CF20B}"
EndProject
Project("{FAE04EC0-301F-11D3-BF4B-00C04F79EFBC}") = "CodeSnipet8", "CodeSnipet8\CodeSnipet8.csproj", "{918CD373-FBE0-4A2D-8B03-AF53538A3310}"
EndProject
Project("{FAE04EC0-301F-11D3-BF4B-00C04F79EFBC}") = "CodeSnipet9", "CodeSnipet9\CodeSnipet9.csproj", "{6A13B96D-4494-4137-994E-9B3C21574F2C}"
EndProject
Project("{FAE04EC0-301F-11D3-BF4B-00C04F79EFBC}") = "CodeSnipet10", "CodeSnipet10\CodeSnipet10.csproj", "{0803F9FE-6236-48DF-8D30-4F991223883F}"
EndProject
Project("{FAE04EC0-301F-11D3-BF4B-00C04F79EFBC}") = "CodeSnipet11", "CodeSnipet11\CodeSnipet11.csproj", "{253EC201-0335-42A8-A1F2-C3877C878ABF}"
EndProject
Project("{FAE04EC0-301F-11D3-BF4B-00C04F79EFBC}") = "CodeSnipet13", "CodeSnipet13\CodeSnipet13.csproj", "{AA09A143-9A43-4042-8720-76BA2A490DCC}"
EndProject
Project("{FAE04EC0-301F-11D3-BF4B-00C04F79EFBC}") = "CodeSnipet12", "CodeSnipet12\CodeSnipet12.csproj", "{B53D2303-7300-4118-816C-6BA6E1630EB9}"
EndProject
Project("{FAE04EC0-301F-11D3-BF4B-00C04F79EFBC}") = "CodeSnipet14", "CodeSnipet14\CodeSnipet14.csproj", "{5D0F5BFD-1E4F-40BF-8FCA-F5C2960431D4}"
EndProject
Project("{FAE04EC0-301F-11D3-BF4B-00C04F79EFBC}") = "CodeSnipet15", "CodeSnipet15\CodeSnipet15.csproj", "{6BB7C684-DEF7-4987-8162-32A0656FB376}"
EndProject
Project("{FAE04EC0-301F-11D3-BF4B-00C04F79EFBC}") = "CodeSnipet16", "CodeSnipet16\CodeSnipet16.csproj", "{48892351-F153-4384-90E6-AFFB7775C344}"
EndProject
Project("{FAE04EC0-301F-11D3-BF4B-00C04F79EFBC}") = "CodeSnipet17", "CodeSnipet17\CodeSnipet17.csproj", "{7DBF22AB-00ED-427D-A6FF-5CB028F2CC96}"
EndProject
Project("{FAE04EC0-301F-11D3-BF4B-00C04F79EFBC}") = "CodeSnipet18", "CodeSnipet18\CodeSnipet18.csproj", "{9A602C04-CE87-4339-A5D4-372DFFEB2267}"
EndProject
Project("{FAE04EC0-301F-11D3-BF4B-00C04F79EFBC}") = "CodeSnipet19", "CodeSnipet19\CodeSnipet19.csproj", "{AFC8FD1D-A4D2-4B4A-B7BB-70997096C6E4}"
EndProject
Project("{FAE04EC0-301F-11D3-BF4B-00C04F79EFBC}") = "CodeSnipet20", "CodeSnipet20\CodeSnipet20.csproj", "{71E81B71-B4A1-427B-9B11-F28A2E00D614}"
EndProject
Project("{FAE04EC0-301F-11D3-BF4B-00C04F79EFBC}") = "CodeSnipet21", "CodeSnipet21\CodeSnipet21.csproj", "{C9C829F1-D31B-4400-8E3F-29195A34D9F8}"
EndProject
Project("{FAE04EC0-301F-11D3-BF4B-00C04F79EFBC}") = "CodeSNipet22", "CodeSNipet22\CodeSNipet22.csproj", "{4AD194C5-A3B4-491B-B00C-7AFE74737F38}"
EndProject
Project("{FAE04EC0-301F-11D3-BF4B-00C04F79EFBC}") = "CodeSnipet23", "CodeSnipet23\CodeSnipet23.csproj", "{FF97EB2D-01DC-4C24-8E10-412D7CD29634}"
EndProject
Project("{FAE04EC0-301F-11D3-BF4B-00C04F79EFBC}") = "CodeSnipet24", "CodeSnipet24\CodeSnipet24.csproj", "{A6378B01-4AF7-4985-9674-5B9CA50CCDC1}"
EndProject
Global
	GlobalSection(SolutionConfigurationPlatforms) = preSolution
		Debug|Any CPU = Debug|Any CPU
		Release|Any CPU = Release|Any CPU
	EndGlobalSection
	GlobalSection(ProjectConfigurationPlatforms) = postSolution
		{0764970B-A68D-494F-B5DA-192E1A3DECA1}.Debug|Any CPU.ActiveCfg = Debug|Any CPU
		{0764970B-A68D-494F-B5DA-192E1A3DECA1}.Debug|Any CPU.Build.0 = Debug|Any CPU
		{0764970B-A68D-494F-B5DA-192E1A3DECA1}.Release|Any CPU.ActiveCfg = Release|Any CPU
		{0764970B-A68D-494F-B5DA-192E1A3DECA1}.Release|Any CPU.Build.0 = Release|Any CPU
		{CB016D4E-D886-4179-895D-4029AB4551AA}.Debug|Any CPU.ActiveCfg = Debug|Any CPU
		{CB016D4E-D886-4179-895D-4029AB4551AA}.Debug|Any CPU.Build.0 = Debug|Any CPU
		{CB016D4E-D886-4179-895D-4029AB4551AA}.Release|Any CPU.ActiveCfg = Release|Any CPU
		{CB016D4E-D886-4179-895D-4029AB4551AA}.Release|Any CPU.Build.0 = Release|Any CPU
		{0E763BD1-2530-4637-8414-A36763D68279}.Debug|Any CPU.ActiveCfg = Debug|Any CPU
		{0E763BD1-2530-4637-8414-A36763D68279}.Debug|Any CPU.Build.0 = Debug|Any CPU
		{0E763BD1-2530-4637-8414-A36763D68279}.Release|Any CPU.ActiveCfg = Release|Any CPU
		{0E763BD1-2530-4637-8414-A36763D68279}.Release|Any CPU.Build.0 = Release|Any CPU
		{7CB8FAF5-1205-4EF2-B509-DD44D3A28D61}.Debug|Any CPU.ActiveCfg = Debug|Any CPU
		{7CB8FAF5-1205-4EF2-B509-DD44D3A28D61}.Debug|Any CPU.Build.0 = Debug|Any CPU
		{7CB8FAF5-1205-4EF2-B509-DD44D3A28D61}.Release|Any CPU.ActiveCfg = Release|Any CPU
		{7CB8FAF5-1205-4EF2-B509-DD44D3A28D61}.Release|Any CPU.Build.0 = Release|Any CPU
		{E6AF970E-BBCC-498D-8B85-4E6C7336E0A9}.Debug|Any CPU.ActiveCfg = Debug|Any CPU
		{E6AF970E-BBCC-498D-8B85-4E6C7336E0A9}.Debug|Any CPU.Build.0 = Debug|Any CPU
		{E6AF970E-BBCC-498D-8B85-4E6C7336E0A9}.Release|Any CPU.ActiveCfg = Release|Any CPU
		{E6AF970E-BBCC-498D-8B85-4E6C7336E0A9}.Release|Any CPU.Build.0 = Release|Any CPU
		{1586D28F-495E-4EE8-921C-40AE937D3D46}.Debug|Any CPU.ActiveCfg = Debug|Any CPU
		{1586D28F-495E-4EE8-921C-40AE937D3D46}.Debug|Any CPU.Build.0 = Debug|Any CPU
		{1586D28F-495E-4EE8-921C-40AE937D3D46}.Release|Any CPU.ActiveCfg = Release|Any CPU
		{1586D28F-495E-4EE8-921C-40AE937D3D46}.Release|Any CPU.Build.0 = Release|Any CPU
		{D78217FD-7467-47F4-BB1F-4C17111CF20B}.Debug|Any CPU.ActiveCfg = Debug|Any CPU
		{D78217FD-7467-47F4-BB1F-4C17111CF20B}.Debug|Any CPU.Build.0 = Debug|Any CPU
		{D78217FD-7467-47F4-BB1F-4C17111CF20B}.Release|Any CPU.ActiveCfg = Release|Any CPU
		{D78217FD-7467-47F4-BB1F-4C17111CF20B}.Release|Any CPU.Build.0 = Release|Any CPU
		{918CD373-FBE0-4A2D-8B03-AF53538A3310}.Debug|Any CPU.ActiveCfg = Debug|Any CPU
		{918CD373-FBE0-4A2D-8B03-AF53538A3310}.Debug|Any CPU.Build.0 = Debug|Any CPU
		{918CD373-FBE0-4A2D-8B03-AF53538A3310}.Release|Any CPU.ActiveCfg = Release|Any CPU
		{918CD373-FBE0-4A2D-8B03-AF53538A3310}.Release|Any CPU.Build.0 = Release|Any CPU
		{6A13B96D-4494-4137-994E-9B3C21574F2C}.Debug|Any CPU.ActiveCfg = Debug|Any CPU
		{6A13B96D-4494-4137-994E-9B3C21574F2C}.Debug|Any CPU.Build.0 = Debug|Any CPU
		{6A13B96D-4494-4137-994E-9B3C21574F2C}.Release|Any CPU.ActiveCfg = Release|Any CPU
		{6A13B96D-4494-4137-994E-9B3C21574F2C}.Release|Any CPU.Build.0 = Release|Any CPU
		{0803F9FE-6236-48DF-8D30-4F991223883F}.Debug|Any CPU.ActiveCfg = Debug|Any CPU
		{0803F9FE-6236-48DF-8D30-4F991223883F}.Debug|Any CPU.Build.0 = Debug|Any CPU
		{0803F9FE-6236-48DF-8D30-4F991223883F}.Release|Any CPU.ActiveCfg = Release|Any CPU
		{0803F9FE-6236-48DF-8D30-4F991223883F}.Release|Any CPU.Build.0 = Release|Any CPU
		{253EC201-0335-42A8-A1F2-C3877C878ABF}.Debug|Any CPU.ActiveCfg = Debug|Any CPU
		{253EC201-0335-42A8-A1F2-C3877C878ABF}.Debug|Any CPU.Build.0 = Debug|Any CPU
		{253EC201-0335-42A8-A1F2-C3877C878ABF}.Release|Any CPU.ActiveCfg = Release|Any CPU
		{253EC201-0335-42A8-A1F2-C3877C878ABF}.Release|Any CPU.Build.0 = Release|Any CPU
		{AA09A143-9A43-4042-8720-76BA2A490DCC}.Debug|Any CPU.ActiveCfg = Debug|Any CPU
		{AA09A143-9A43-4042-8720-76BA2A490DCC}.Debug|Any CPU.Build.0 = Debug|Any CPU
		{AA09A143-9A43-4042-8720-76BA2A490DCC}.Release|Any CPU.ActiveCfg = Release|Any CPU
		{AA09A143-9A43-4042-8720-76BA2A490DCC}.Release|Any CPU.Build.0 = Release|Any CPU
		{B53D2303-7300-4118-816C-6BA6E1630EB9}.Debug|Any CPU.ActiveCfg = Debug|Any CPU
		{B53D2303-7300-4118-816C-6BA6E1630EB9}.Debug|Any CPU.Build.0 = Debug|Any CPU
		{B53D2303-7300-4118-816C-6BA6E1630EB9}.Release|Any CPU.ActiveCfg = Release|Any CPU
		{B53D2303-7300-4118-816C-6BA6E1630EB9}.Release|Any CPU.Build.0 = Release|Any CPU
		{5D0F5BFD-1E4F-40BF-8FCA-F5C2960431D4}.Debug|Any CPU.ActiveCfg = Debug|Any CPU
		{5D0F5BFD-1E4F-40BF-8FCA-F5C2960431D4}.Debug|Any CPU.Build.0 = Debug|Any CPU
		{5D0F5BFD-1E4F-40BF-8FCA-F5C2960431D4}.Release|Any CPU.ActiveCfg = Release|Any CPU
		{5D0F5BFD-1E4F-40BF-8FCA-F5C2960431D4}.Release|Any CPU.Build.0 = Release|Any CPU
		{6BB7C684-DEF7-4987-8162-32A0656FB376}.Debug|Any CPU.ActiveCfg = Debug|Any CPU
		{6BB7C684-DEF7-4987-8162-32A0656FB376}.Debug|Any CPU.Build.0 = Debug|Any CPU
		{6BB7C684-DEF7-4987-8162-32A0656FB376}.Release|Any CPU.ActiveCfg = Release|Any CPU
		{6BB7C684-DEF7-4987-8162-32A0656FB376}.Release|Any CPU.Build.0 = Release|Any CPU
		{48892351-F153-4384-90E6-AFFB7775C344}.Debug|Any CPU.ActiveCfg = Debug|Any CPU
		{48892351-F153-4384-90E6-AFFB7775C344}.Debug|Any CPU.Build.0 = Debug|Any CPU
		{48892351-F153-4384-90E6-AFFB7775C344}.Release|Any CPU.ActiveCfg = Release|Any CPU
		{48892351-F153-4384-90E6-AFFB7775C344}.Release|Any CPU.Build.0 = Release|Any CPU
		{7DBF22AB-00ED-427D-A6FF-5CB028F2CC96}.Debug|Any CPU.ActiveCfg = Debug|Any CPU
		{7DBF22AB-00ED-427D-A6FF-5CB028F2CC96}.Debug|Any CPU.Build.0 = Debug|Any CPU
		{7DBF22AB-00ED-427D-A6FF-5CB028F2CC96}.Release|Any CPU.ActiveCfg = Release|Any CPU
		{7DBF22AB-00ED-427D-A6FF-5CB028F2CC96}.Release|Any CPU.Build.0 = Release|Any CPU
		{9A602C04-CE87-4339-A5D4-372DFFEB2267}.Debug|Any CPU.ActiveCfg = Debug|Any CPU
		{9A602C04-CE87-4339-A5D4-372DFFEB2267}.Debug|Any CPU.Build.0 = Debug|Any CPU
		{9A602C04-CE87-4339-A5D4-372DFFEB2267}.Release|Any CPU.ActiveCfg = Release|Any CPU
		{9A602C04-CE87-4339-A5D4-372DFFEB2267}.Release|Any CPU.Build.0 = Release|Any CPU
		{AFC8FD1D-A4D2-4B4A-B7BB-70997096C6E4}.Debug|Any CPU.ActiveCfg = Debug|Any CPU
		{AFC8FD1D-A4D2-4B4A-B7BB-70997096C6E4}.Debug|Any CPU.Build.0 = Debug|Any CPU
		{AFC8FD1D-A4D2-4B4A-B7BB-70997096C6E4}.Release|Any CPU.ActiveCfg = Release|Any CPU
		{AFC8FD1D-A4D2-4B4A-B7BB-70997096C6E4}.Release|Any CPU.Build.0 = Release|Any CPU
		{71E81B71-B4A1-427B-9B11-F28A2E00D614}.Debug|Any CPU.ActiveCfg = Debug|Any CPU
		{71E81B71-B4A1-427B-9B11-F28A2E00D614}.Debug|Any CPU.Build.0 = Debug|Any CPU
		{71E81B71-B4A1-427B-9B11-F28A2E00D614}.Release|Any CPU.ActiveCfg = Release|Any CPU
		{71E81B71-B4A1-427B-9B11-F28A2E00D614}.Release|Any CPU.Build.0 = Release|Any CPU
		{C9C829F1-D31B-4400-8E3F-29195A34D9F8}.Debug|Any CPU.ActiveCfg = Debug|Any CPU
		{C9C829F1-D31B-4400-8E3F-29195A34D9F8}.Debug|Any CPU.Build.0 = Debug|Any CPU
		{C9C829F1-D31B-4400-8E3F-29195A34D9F8}.Release|Any CPU.ActiveCfg = Release|Any CPU
		{C9C829F1-D31B-4400-8E3F-29195A34D9F8}.Release|Any CPU.Build.0 = Release|Any CPU
		{4AD194C5-A3B4-491B-B00C-7AFE74737F38}.Debug|Any CPU.ActiveCfg = Debug|Any CPU
		{4AD194C5-A3B4-491B-B00C-7AFE74737F38}.Debug|Any CPU.Build.0 = Debug|Any CPU
		{4AD194C5-A3B4-491B-B00C-7AFE74737F38}.Release|Any CPU.ActiveCfg = Release|Any CPU
		{4AD194C5-A3B4-491B-B00C-7AFE74737F38}.Release|Any CPU.Build.0 = Release|Any CPU
		{FF97EB2D-01DC-4C24-8E10-412D7CD29634}.Debug|Any CPU.ActiveCfg = Debug|Any CPU
		{FF97EB2D-01DC-4C24-8E10-412D7CD29634}.Debug|Any CPU.Build.0 = Debug|Any CPU
		{FF97EB2D-01DC-4C24-8E10-412D7CD29634}.Release|Any CPU.ActiveCfg = Release|Any CPU
		{FF97EB2D-01DC-4C24-8E10-412D7CD29634}.Release|Any CPU.Build.0 = Release|Any CPU
		{A6378B01-4AF7-4985-9674-5B9CA50CCDC1}.Debug|Any CPU.ActiveCfg = Debug|Any CPU
		{A6378B01-4AF7-4985-9674-5B9CA50CCDC1}.Debug|Any CPU.Build.0 = Debug|Any CPU
		{A6378B01-4AF7-4985-9674-5B9CA50CCDC1}.Release|Any CPU.ActiveCfg = Release|Any CPU
		{A6378B01-4AF7-4985-9674-5B9CA50CCDC1}.Release|Any CPU.Build.0 = Release|Any CPU
	EndGlobalSection
	GlobalSection(SolutionProperties) = preSolution
		HideSolutionNode = FALSE
	EndGlobalSection
	GlobalSection(ExtensibilityGlobals) = postSolution
		SolutionGuid = {792017D5-2379-4FC9-84D5-7F253F3A6805}
	EndGlobalSection
EndGlobal
